
Microsoft Visual Studio Solution File, Format Version 12.00
# Visual Studio Version 16
VisualStudioVersion = 16.0.30413.136
MinimumVisualStudioVersion = 10.0.40219.1
Project("{8BC9CEB8-8B4A-11D0-8D11-00A0C91BC942}") = "List_", "List_\List_.vcxproj", "{5F917F2A-059B-495B-A8DB-C200C052A2C5}"
EndProject
Global
	GlobalSection(SolutionConfigurationPlatforms) = preSolution
		Debug|x64 = Debug|x64
		Debug|x86 = Debug|x86
		Release|x64 = Release|x64
		Release|x86 = Release|x86
	EndGlobalSection
	GlobalSection(ProjectConfigurationPlatforms) = postSolution
		{5F917F2A-059B-495B-A8DB-C200C052A2C5}.Debug|x64.ActiveCfg = Debug|x64
		{5F917F2A-059B-495B-A8DB-C200C052A2C5}.Debug|x64.Build.0 = Debug|x64
		{5F917F2A-059B-495B-A8DB-C200C052A2C5}.Debug|x86.ActiveCfg = Debug|Win32
		{5F917F2A-059B-495B-A8DB-C200C052A2C5}.Debug|x86.Build.0 = Debug|Win32
		{5F917F2A-059B-495B-A8DB-C200C052A2C5}.Release|x64.ActiveCfg = Release|x64
		{5F917F2A-059B-495B-A8DB-C200C052A2C5}.Release|x64.Build.0 = Release|x64
		{5F917F2A-059B-495B-A8DB-C200C052A2C5}.Release|x86.ActiveCfg = Release|Win32
		{5F917F2A-059B-495B-A8DB-C200C052A2C5}.Release|x86.Build.0 = Release|Win32
	EndGlobalSection
	GlobalSection(SolutionProperties) = preSolution
		HideSolutionNode = FALSE
	EndGlobalSection
	GlobalSection(ExtensibilityGlobals) = postSolution
		SolutionGuid = {900349EC-5A5D-447A-BE42-07DE58EE5818}
	EndGlobalSection
EndGlobal
